{
  "version": 4,
  "terraform_version": "1.3.7",
  "serial": 56,
  "lineage": "ceb98ac7-ccae-8af0-e1be-9edbc60d9869",
  "outputs": {},
  "resources": [
    {
      "mode": "managed",
      "type": "google_kms_crypto_key",
      "name": "redis_key",
      "provider": "provider[\"registry.terraform.io/hashicorp/google\"]",
      "instances": [
        {
          "schema_version": 1,
          "attributes": {
            "destroy_scheduled_duration": "86400s",
            "id": "projects/american-xpress/locations/us-west1/keyRings/redis-keyring/cryptoKeys/redis-key_1",
            "import_only": false,
            "key_ring": "projects/american-xpress/locations/us-west1/keyRings/redis-keyring",
            "labels": {},
            "name": "redis-key_1",
            "purpose": "ENCRYPT_DECRYPT",
            "rotation_period": "100000s",
            "skip_initial_version_creation": false,
            "timeouts": null,
            "version_template": [
              {
                "algorithm": "GOOGLE_SYMMETRIC_ENCRYPTION",
                "protection_level": "SOFTWARE"
              }
            ]
          },
          "sensitive_attributes": [],
          "private": "eyJlMmJmYjczMC1lY2FhLTExZTYtOGY4OC0zNDM2M2JjN2M0YzAiOnsiY3JlYXRlIjoxMjAwMDAwMDAwMDAwLCJkZWxldGUiOjEyMDAwMDAwMDAwMDAsInVwZGF0ZSI6MTIwMDAwMDAwMDAwMH0sInNjaGVtYV92ZXJzaW9uIjoiMSJ9",
          "dependencies": [
            "google_kms_key_ring.redis_keyring_1",
            "google_project_service.kms_api"
          ]
        }
      ]
    },
    {
      "mode": "managed",
      "type": "google_kms_key_ring",
      "name": "redis_keyring_1",
      "provider": "provider[\"registry.terraform.io/hashicorp/google\"]",
      "instances": [
        {
          "schema_version": 0,
          "attributes": {
            "id": "projects/american-xpress/locations/us-west1/keyRings/redis-keyring",
            "location": "us-west1",
            "name": "redis-keyring",
            "project": "american-xpress",
            "timeouts": null
          },
          "sensitive_attributes": [],
          "private": "eyJlMmJmYjczMC1lY2FhLTExZTYtOGY4OC0zNDM2M2JjN2M0YzAiOnsiY3JlYXRlIjoxMjAwMDAwMDAwMDAwLCJkZWxldGUiOjEyMDAwMDAwMDAwMDB9fQ==",
          "dependencies": [
            "google_project_service.kms_api"
          ]
        }
      ]
    },
    {
      "mode": "managed",
      "type": "google_project_iam_member",
      "name": "redis_keyring_cryptokey_encrypter_decrypter",
      "provider": "provider[\"registry.terraform.io/hashicorp/google\"]",
      "instances": [
        {
          "schema_version": 0,
          "attributes": {
            "condition": [],
            "etag": "BwX2VYOnNzo=",
            "id": "american-xpress/roles/cloudkms.cryptoKeyEncrypterDecrypter/serviceAccount:service-451326331141@cloud-redis.iam.gserviceaccount.com",
            "member": "serviceAccount:service-451326331141@cloud-redis.iam.gserviceaccount.com",
            "project": "american-xpress",
            "role": "roles/cloudkms.cryptoKeyEncrypterDecrypter"
          },
          "sensitive_attributes": [],
          "private": "bnVsbA==",
          "dependencies": [
            "google_kms_crypto_key.redis_key"
          ]
        }
      ]
    },
    {
      "mode": "managed",
      "type": "google_project_service",
      "name": "global_project_redis",
      "provider": "provider[\"registry.terraform.io/hashicorp/google-beta\"]",
      "instances": [
        {
          "schema_version": 0,
          "attributes": {
            "disable_dependent_services": true,
            "disable_on_destroy": true,
            "id": "american-xpress/redis.googleapis.com",
            "project": "american-xpress",
            "service": "redis.googleapis.com",
            "timeouts": null
          },
          "sensitive_attributes": [],
          "private": "eyJlMmJmYjczMC1lY2FhLTExZTYtOGY4OC0zNDM2M2JjN2M0YzAiOnsiY3JlYXRlIjoxMjAwMDAwMDAwMDAwLCJkZWxldGUiOjEyMDAwMDAwMDAwMDAsInJlYWQiOjYwMDAwMDAwMDAwMCwidXBkYXRlIjoxMjAwMDAwMDAwMDAwfX0="
        }
      ]
    },
    {
      "mode": "managed",
      "type": "google_project_service",
      "name": "kms_api",
      "provider": "provider[\"registry.terraform.io/hashicorp/google\"]",
      "instances": [
        {
          "schema_version": 0,
          "attributes": {
            "disable_dependent_services": true,
            "disable_on_destroy": true,
            "id": "american-xpress/cloudkms.googleapis.com",
            "project": "american-xpress",
            "service": "cloudkms.googleapis.com",
            "timeouts": null
          },
          "sensitive_attributes": [],
          "private": "eyJlMmJmYjczMC1lY2FhLTExZTYtOGY4OC0zNDM2M2JjN2M0YzAiOnsiY3JlYXRlIjoxMjAwMDAwMDAwMDAwLCJkZWxldGUiOjEyMDAwMDAwMDAwMDAsInJlYWQiOjYwMDAwMDAwMDAwMCwidXBkYXRlIjoxMjAwMDAwMDAwMDAwfX0="
        }
      ]
    },
    {
      "mode": "managed",
      "type": "google_sql_database",
      "name": "apthub",
      "provider": "provider[\"registry.terraform.io/hashicorp/google\"]",
      "instances": [
        {
          "schema_version": 0,
          "attributes": {
            "charset": "UTF8",
            "collation": "en_US.UTF8",
            "deletion_policy": "DELETE",
            "id": "projects/global-matrix-374023/instances/apthub-dev-db-2b0d32e6/databases/apthub",
            "instance": "apthub-dev-db-2b0d32e6",
            "name": "apthub",
            "project": "global-matrix-374023",
            "self_link": "https://sqladmin.googleapis.com/sql/v1beta4/projects/global-matrix-374023/instances/apthub-dev-db-2b0d32e6/databases/apthub",
            "timeouts": null
          },
          "sensitive_attributes": [],
          "private": "eyJlMmJmYjczMC1lY2FhLTExZTYtOGY4OC0zNDM2M2JjN2M0YzAiOnsiY3JlYXRlIjoxMjAwMDAwMDAwMDAwLCJkZWxldGUiOjEyMDAwMDAwMDAwMDAsInVwZGF0ZSI6MTIwMDAwMDAwMDAwMH19",
          "dependencies": [
            "google_sql_database_instance.instance",
            "random_id.db_name_suffix"
          ]
        }
      ]
    },
    {
      "mode": "managed",
      "type": "google_sql_database_instance",
      "name": "instance",
      "provider": "provider[\"registry.terraform.io/hashicorp/google-beta\"]",
      "instances": [
        {
          "schema_version": 0,
          "attributes": {
            "available_maintenance_versions": [],
            "clone": [],
            "connection_name": "global-matrix-374023:us-central1:apthub-dev-db-2b0d32e6",
            "database_version": "POSTGRES_14",
            "deletion_protection": false,
            "encryption_key_name": null,
            "first_ip_address": "34.132.249.38",
            "id": "apthub-dev-db-2b0d32e6",
            "instance_type": "CLOUD_SQL_INSTANCE",
            "ip_address": [
              {
                "ip_address": "34.132.249.38",
                "time_to_retire": "",
                "type": "PRIMARY"
              }
            ],
            "maintenance_version": "POSTGRES_14_4.R20220710.01_16",
            "master_instance_name": "",
            "name": "apthub-dev-db-2b0d32e6",
            "private_ip_address": "",
            "project": "global-matrix-374023",
            "public_ip_address": "34.132.249.38",
            "region": "us-central1",
            "replica_configuration": [],
            "restore_backup_context": [],
            "root_password": "newnew",
            "self_link": "https://sqladmin.googleapis.com/sql/v1beta4/projects/global-matrix-374023/instances/apthub-dev-db-2b0d32e6",
            "server_ca_cert": [
              {
                "cert": "-----BEGIN CERTIFICATE-----\nMIIDfzCCAmegAwIBAgIBADANBgkqhkiG9w0BAQsFADB3MS0wKwYDVQQuEyRiZmU5\nNTRlMC0zNTJiLTQyOTAtYjliMy0wYjI2MzcxMjNiZTQxIzAhBgNVBAMTGkdvb2ds\nZSBDbG91ZCBTUUwgU2VydmVyIENBMRQwEgYDVQQKEwtHb29nbGUsIEluYzELMAkG\nA1UEBhMCVVMwHhcNMjMwMjIxMjEwNjEzWhcNMzMwMjE4MjEwNzEzWjB3MS0wKwYD\nVQQuEyRiZmU5NTRlMC0zNTJiLTQyOTAtYjliMy0wYjI2MzcxMjNiZTQxIzAhBgNV\nBAMTGkdvb2dsZSBDbG91ZCBTUUwgU2VydmVyIENBMRQwEgYDVQQKEwtHb29nbGUs\nIEluYzELMAkGA1UEBhMCVVMwggEiMA0GCSqGSIb3DQEBAQUAA4IBDwAwggEKAoIB\nAQCm+KctIZymSDvu8XHxsTO56EYcQ4gd5gbUFVowryl2bDDUKB+ysecweZPg3I3r\n61aZMslZ1lVcmRdDfpbLv8hZa+WA75mvPJBMNCJBuQp5ofHWb13kXwYMjYSxYgz+\nqRYfw00oMdRPjMVYSv8Qu02yhpvSGt58RU/MWXl8Tpi7q1swCme9zqWS2glINYZe\nBcJxglV8RcO5yZxGPhJKSwjcgyYDiwJBr5mFxB2HMux70iDCoAAv26IcGJxi7e1i\nhsNOXTX3c3Zwzo+8H6SdKVBadqr0r+Vvuc9nr7v0ka5fC0QLh6Gi7UUgDZqFhV25\nwhAJfi/7nhlOAjKBRMBtvO7hAgMBAAGjFjAUMBIGA1UdEwEB/wQIMAYBAf8CAQAw\nDQYJKoZIhvcNAQELBQADggEBAIaSPExw2n9f93KCZQvoi/7hC5u6p313wBfFkUNV\ngrcWz0ArxWmbZ0bWVLyDkiaSg11ET7nVTCijWSnTsF1gyV3W+gfK4ZRt0/SxsqN8\n3m9LFLubsn/Jj9sWLhGcoFJrJAv+nHEND9xUkQGQ4DBYQRtSI8OLfy9WU0xkS1aU\nb+rlXDW2EWAxIkqaeun6xkusffHNejzPr7d+W40QSutt4xbNifcQqLH9GLxUtCOg\n3keWCxso7aXZfOGx666AhOgwAx/k3l8ZYs6YYXI/Wbm8gXTazuO6z0nlKQp7S8f2\npwtZEO5+P2cF007/4XIUBhDNUOZEs1rtfSli6ldsVzkOPes=\n-----END CERTIFICATE-----",
                "common_name": "C=US,O=Google\\, Inc,CN=Google Cloud SQL Server CA,dnQualifier=bfe954e0-352b-4290-b9b3-0b2637123be4",
                "create_time": "2023-02-21T21:06:13.681Z",
                "expiration_time": "2033-02-18T21:07:13.681Z",
                "sha1_fingerprint": "35b31fbcd112d0a1297a5338035be8ba354c7571"
              }
            ],
            "service_account_email_address": "p698503280068-6guesz@gcp-sa-cloud-sql.iam.gserviceaccount.com",
            "settings": [
              {
                "activation_policy": "ALWAYS",
                "active_directory_config": [],
                "availability_type": "REGIONAL",
                "backup_configuration": [
                  {
                    "backup_retention_settings": [
                      {
                        "retained_backups": 7,
                        "retention_unit": "COUNT"
                      }
                    ],
                    "binary_log_enabled": false,
                    "enabled": true,
                    "location": "",
                    "point_in_time_recovery_enabled": false,
                    "start_time": "23:00",
                    "transaction_log_retention_days": 7
                  }
                ],
                "collation": "",
                "connector_enforcement": "NOT_REQUIRED",
                "database_flags": [],
                "deletion_protection_enabled": false,
                "deny_maintenance_period": [],
                "disk_autoresize": true,
                "disk_autoresize_limit": 0,
                "disk_size": 100,
                "disk_type": "PD_SSD",
                "insights_config": [],
                "ip_configuration": [
                  {
                    "allocated_ip_range": "",
                    "authorized_networks": [],
                    "enable_private_path_for_google_cloud_services": false,
                    "ipv4_enabled": true,
                    "private_network": "",
                    "require_ssl": true
                  }
                ],
                "location_preference": [
                  {
                    "follow_gae_application": "",
                    "secondary_zone": "",
                    "zone": "us-central1-f"
                  }
                ],
                "maintenance_window": [],
                "password_validation_policy": [],
                "pricing_plan": "PER_USE",
                "sql_server_audit_config": [],
                "tier": "db-custom-1-3840",
                "time_zone": "",
                "user_labels": {},
                "version": 7
              }
            ],
            "timeouts": null
          },
          "sensitive_attributes": [],
          "private": "eyJlMmJmYjczMC1lY2FhLTExZTYtOGY4OC0zNDM2M2JjN2M0YzAiOnsiY3JlYXRlIjoyNDAwMDAwMDAwMDAwLCJkZWxldGUiOjE4MDAwMDAwMDAwMDAsInVwZGF0ZSI6MTgwMDAwMDAwMDAwMH19",
          "dependencies": [
            "random_id.db_name_suffix"
          ]
        }
      ]
    },
    {
      "mode": "managed",
      "type": "google_sql_database_instance",
      "name": "instance_replica",
      "provider": "provider[\"registry.terraform.io/hashicorp/google\"]",
      "instances": [
        {
          "schema_version": 0,
          "attributes": {
            "available_maintenance_versions": [],
            "clone": [],
            "connection_name": "global-matrix-374023:us-west1:apthub-dev-db-2b0d32e6-replica",
            "database_version": "POSTGRES_14",
            "deletion_protection": false,
            "encryption_key_name": null,
            "first_ip_address": "34.127.87.48",
            "id": "apthub-dev-db-2b0d32e6-replica",
            "instance_type": "READ_REPLICA_INSTANCE",
            "ip_address": [
              {
                "ip_address": "34.127.87.48",
                "time_to_retire": "",
                "type": "PRIMARY"
              },
              {
                "ip_address": "34.82.81.196",
                "time_to_retire": "",
                "type": "OUTGOING"
              }
            ],
            "maintenance_version": "POSTGRES_14_4.R20220710.01_16",
            "master_instance_name": "apthub-dev-db-2b0d32e6",
            "name": "apthub-dev-db-2b0d32e6-replica",
            "private_ip_address": "",
            "project": "global-matrix-374023",
            "public_ip_address": "34.127.87.48",
            "region": "us-west1",
            "replica_configuration": [
              {
                "ca_certificate": "",
                "client_certificate": "",
                "client_key": "",
                "connect_retry_interval": 0,
                "dump_file_path": "",
                "failover_target": false,
                "master_heartbeat_period": 0,
                "password": "",
                "ssl_cipher": "",
                "username": "",
                "verify_server_certificate": false
              }
            ],
            "restore_backup_context": [],
            "root_password": null,
            "self_link": "https://sqladmin.googleapis.com/sql/v1beta4/projects/global-matrix-374023/instances/apthub-dev-db-2b0d32e6-replica",
            "server_ca_cert": [
              {
                "cert": "-----BEGIN CERTIFICATE-----\nMIIDfzCCAmegAwIBAgIBADANBgkqhkiG9w0BAQsFADB3MS0wKwYDVQQuEyRmZjI3\nM2VlZC1kNTBiLTRhNzUtYWYyYi1jMmQ3MWE3NTI2ZTUxIzAhBgNVBAMTGkdvb2ds\nZSBDbG91ZCBTUUwgU2VydmVyIENBMRQwEgYDVQQKEwtHb29nbGUsIEluYzELMAkG\nA1UEBhMCVVMwHhcNMjMwMjIxMjEwOTU4WhcNMzMwMjE4MjExMDU4WjB3MS0wKwYD\nVQQuEyRmZjI3M2VlZC1kNTBiLTRhNzUtYWYyYi1jMmQ3MWE3NTI2ZTUxIzAhBgNV\nBAMTGkdvb2dsZSBDbG91ZCBTUUwgU2VydmVyIENBMRQwEgYDVQQKEwtHb29nbGUs\nIEluYzELMAkGA1UEBhMCVVMwggEiMA0GCSqGSIb3DQEBAQUAA4IBDwAwggEKAoIB\nAQCIdV9ZTOBPE/AhdDEjFn/cED3VTqghm2XpiL/IpNswsXoIMHJ/Y7mTb5YvQrlY\npUwGp/0MMOSpEL5Y8I53B2UCm1TjphS2iJeigmh9MrAEp6PIUpSN47UrpvhmNOYx\nbG+o7krKp6D3qrvR9RTVL7JIg90cTduqbgVBkI+f5JzM/KiRFc93Rzs30PAeWREH\nSpli85XiceerlidDHtHaes4Jhpsz/oOGlcg5w3C+Uw+vOkVUSVX7Y1y30w3uY4dT\nc6VBl9na6VWanqZJQ1K3WO556WjlV7VvbNrgYGvq/pC73/0IPbdDTRmBMdM5UsN3\n8EFRELo8W3n1HJfg0PYGE5txAgMBAAGjFjAUMBIGA1UdEwEB/wQIMAYBAf8CAQAw\nDQYJKoZIhvcNAQELBQADggEBAD/DrOgxulnoTw+RKgd8rvL+7l2rGl1qWV6taGyr\nU4EnbBiBP/OneUIVBQhXnkiYAwxffySmv0nLbDRFSeptQdD2VgQu8FsSX1wFfOlE\nFnM1scO/5sBkKF7VP88+c20bfDbLv3utBJj/7R820kJioQdD0lRSsRLVIXa+kNFm\nSJ/96CM9JKdbSDmbPQ5aymEMVN1RTy74Zjh7ARxoQobWkpV4XYYkRTRr+xPgBJfr\n79/vxv+VLTFNIt2+NG4pvSe5RenvDVyUaw9l4hQp3c4oBN/X6xk47g0VKPRmTsjf\nUv/7ZlUtduUkakVzvir37q5BYllDODqx3P7ZobKM7+MPZfE=\n-----END CERTIFICATE-----",
                "common_name": "C=US,O=Google\\, Inc,CN=Google Cloud SQL Server CA,dnQualifier=ff273eed-d50b-4a75-af2b-c2d71a7526e5",
                "create_time": "2023-02-21T21:09:58.854Z",
                "expiration_time": "2033-02-18T21:10:58.854Z",
                "sha1_fingerprint": "2341c02f684a60da32ab687cb3e56767f9dbd777"
              }
            ],
            "service_account_email_address": "p698503280068-ebqdex@gcp-sa-cloud-sql.iam.gserviceaccount.com",
            "settings": [
              {
                "activation_policy": "ALWAYS",
                "active_directory_config": [],
                "availability_type": "ZONAL",
                "backup_configuration": [
                  {
                    "backup_retention_settings": [
                      {
                        "retained_backups": 7,
                        "retention_unit": "COUNT"
                      }
                    ],
                    "binary_log_enabled": false,
                    "enabled": false,
                    "location": "",
                    "point_in_time_recovery_enabled": false,
                    "start_time": "23:00",
                    "transaction_log_retention_days": 7
                  }
                ],
                "collation": "",
                "connector_enforcement": "NOT_REQUIRED",
                "database_flags": [],
                "deletion_protection_enabled": false,
                "deny_maintenance_period": [],
                "disk_autoresize": true,
                "disk_autoresize_limit": 0,
                "disk_size": 100,
                "disk_type": "PD_SSD",
                "insights_config": [],
                "ip_configuration": [
                  {
                    "allocated_ip_range": "",
                    "authorized_networks": [],
                    "enable_private_path_for_google_cloud_services": false,
                    "ipv4_enabled": true,
                    "private_network": "",
                    "require_ssl": true
                  }
                ],
                "location_preference": [
                  {
                    "follow_gae_application": "",
                    "secondary_zone": "",
                    "zone": "us-west1-a"
                  }
                ],
                "maintenance_window": [],
                "password_validation_policy": [],
                "pricing_plan": "PER_USE",
                "sql_server_audit_config": [],
                "tier": "db-custom-1-3840",
                "time_zone": "",
                "user_labels": {},
                "version": 2
              }
            ],
            "timeouts": null
          },
          "sensitive_attributes": [],
          "private": "eyJlMmJmYjczMC1lY2FhLTExZTYtOGY4OC0zNDM2M2JjN2M0YzAiOnsiY3JlYXRlIjoyNDAwMDAwMDAwMDAwLCJkZWxldGUiOjE4MDAwMDAwMDAwMDAsInVwZGF0ZSI6MTgwMDAwMDAwMDAwMH19",
          "dependencies": [
            "google_sql_database_instance.instance",
            "random_id.db_name_suffix"
          ]
        }
      ]
    },
    {
      "mode": "managed",
      "type": "random_id",
      "name": "db_name_suffix",
      "provider": "provider[\"registry.terraform.io/hashicorp/random\"]",
      "instances": [
        {
          "schema_version": 0,
          "attributes": {
            "b64_std": "Kw0y5g==",
            "b64_url": "Kw0y5g",
            "byte_length": 4,
            "dec": "722285286",
            "hex": "2b0d32e6",
            "id": "Kw0y5g",
            "keepers": null,
            "prefix": null
          },
          "sensitive_attributes": []
        }
      ]
    }
  ],
  "check_results": null
}
